
Microsoft Visual Studio Solution File, Format Version 11.00
# Visual Studio 2010
Project("{FAE04EC0-301F-11D3-BF4B-00C04F79EFBC}") = "ArrayListUygulama", "ArrayListUygulama\ArrayListUygulama.csproj", "{8003E0E8-7906-47C2-8FA1-103FA62CEDCF}"
EndProject
Global
	GlobalSection(SolutionConfigurationPlatforms) = preSolution
		Debug|x86 = Debug|x86
		Release|x86 = Release|x86
	EndGlobalSection
	GlobalSection(ProjectConfigurationPlatforms) = postSolution
		{8003E0E8-7906-47C2-8FA1-103FA62CEDCF}.Debug|x86.ActiveCfg = Debug|x86
		{8003E0E8-7906-47C2-8FA1-103FA62CEDCF}.Debug|x86.Build.0 = Debug|x86
		{8003E0E8-7906-47C2-8FA1-103FA62CEDCF}.Release|x86.ActiveCfg = Release|x86
		{8003E0E8-7906-47C2-8FA1-103FA62CEDCF}.Release|x86.Build.0 = Release|x86
	EndGlobalSection
	GlobalSection(SolutionProperties) = preSolution
		HideSolutionNode = FALSE
	EndGlobalSection
EndGlobal
